{
  "name": "popmotion-form",
  "version": "1.0.0",
  "lockfileVersion": 1,
  "requires": true,
  "dependencies": {
    "framesync": {
      "version": "3.1.3",
      "resolved": "https://registry.npmjs.org/framesync/-/framesync-3.1.3.tgz",
      "integrity": "sha1-Ml8ENWPiJy2bpU0s9Z5vCJiyM2Q="
    },
    "popmotion": {
      "version": "8.1.3",
      "resolved": "https://registry.npmjs.org/popmotion/-/popmotion-8.1.3.tgz",
      "integrity": "sha512-v/nbKamNgFY4ayJU3OI/ydAv3ga0pMkCFhaGdfc/cUNBZ9dGGktRwsRZnIyFZ7uktF/+En/qteb3sVFsVdANWQ==",
      "requires": {
        "framesync": "3.1.3",
        "style-value-types": "1.0.3",
        "stylefire": "1.1.7"
      }
    },
    "style-value-types": {
      "version": "1.0.3",
      "resolved": "https://registry.npmjs.org/style-value-types/-/style-value-types-1.0.3.tgz",
      "integrity": "sha1-ZRw8dcmI6i74biDGoH+YzOYu/d8="
    },
    "stylefire": {
      "version": "1.1.7",
      "resolved": "https://registry.npmjs.org/stylefire/-/stylefire-1.1.7.tgz",
      "integrity": "sha1-Ll9Z7XOhuBSPnw7bh0+IZgAobOM=",
      "requires": {
        "framesync": "3.1.3",
        "style-value-types": "1.0.3"
      }
    }
  }
}
